
Microsoft Visual Studio Solution File, Format Version 12.00
# Visual Studio Version 17
VisualStudioVersion = 17.1.32319.34
MinimumVisualStudioVersion = 10.0.40219.1
Project("{FAE04EC0-301F-11D3-BF4B-00C04F79EFBC}") = "Aula01", "Aula01\Aula01.csproj", "{AF9A163D-6315-4E26-9DF6-48C9471C6E6A}"
EndProject
Global
	GlobalSection(SolutionConfigurationPlatforms) = preSolution
		Debug|Any CPU = Debug|Any CPU
		Release|Any CPU = Release|Any CPU
	EndGlobalSection
	GlobalSection(ProjectConfigurationPlatforms) = postSolution
		{AF9A163D-6315-4E26-9DF6-48C9471C6E6A}.Debug|Any CPU.ActiveCfg = Debug|Any CPU
		{AF9A163D-6315-4E26-9DF6-48C9471C6E6A}.Debug|Any CPU.Build.0 = Debug|Any CPU
		{AF9A163D-6315-4E26-9DF6-48C9471C6E6A}.Release|Any CPU.ActiveCfg = Release|Any CPU
		{AF9A163D-6315-4E26-9DF6-48C9471C6E6A}.Release|Any CPU.Build.0 = Release|Any CPU
	EndGlobalSection
	GlobalSection(SolutionProperties) = preSolution
		HideSolutionNode = FALSE
	EndGlobalSection
	GlobalSection(ExtensibilityGlobals) = postSolution
		SolutionGuid = {DE3E8770-7FAF-4ADB-86E6-BA574B3CC702}
	EndGlobalSection
EndGlobal
