
Microsoft Visual Studio Solution File, Format Version 12.00
# Visual Studio Version 17
VisualStudioVersion = 17.1.32319.34
MinimumVisualStudioVersion = 10.0.40219.1
Project("{FAE04EC0-301F-11D3-BF4B-00C04F79EFBC}") = "Aula02", "Aula02\Aula02.csproj", "{AEE846DB-7D4B-409F-9523-8DBFE0A3A974}"
EndProject
Global
	GlobalSection(SolutionConfigurationPlatforms) = preSolution
		Debug|Any CPU = Debug|Any CPU
		Release|Any CPU = Release|Any CPU
	EndGlobalSection
	GlobalSection(ProjectConfigurationPlatforms) = postSolution
		{AEE846DB-7D4B-409F-9523-8DBFE0A3A974}.Debug|Any CPU.ActiveCfg = Debug|Any CPU
		{AEE846DB-7D4B-409F-9523-8DBFE0A3A974}.Debug|Any CPU.Build.0 = Debug|Any CPU
		{AEE846DB-7D4B-409F-9523-8DBFE0A3A974}.Release|Any CPU.ActiveCfg = Release|Any CPU
		{AEE846DB-7D4B-409F-9523-8DBFE0A3A974}.Release|Any CPU.Build.0 = Release|Any CPU
	EndGlobalSection
	GlobalSection(SolutionProperties) = preSolution
		HideSolutionNode = FALSE
	EndGlobalSection
	GlobalSection(ExtensibilityGlobals) = postSolution
		SolutionGuid = {FD116ED2-2425-47D4-8535-24FBB305563E}
	EndGlobalSection
EndGlobal
